{
    "_meta": {
        "hash": {
            "sha256": "dad908b775b81e6c7d877e634577f3ddb82d19260431b421ad03c50266f93acb"
        },
        "pipfile-spec": 6,
        "requires": {},
        "sources": [
            {
                "name": "pypi",
                "url": "https://pypi.org/simple",
                "verify_ssl": true
            }
        ]
    },
    "default": {},
    "develop": {}
}
